{
  "name": "adzerk-api-specification",
  "version": "1.0.0",
  "lockfileVersion": 2,
  "requires": true,
  "packages": {
    "": {
      "name": "adzerk-api-specification",
      "version": "1.0.0",
      "license": "ISC",
      "dependencies": {
        "yaml": "2.3.1"
      },
      "devDependencies": {
        "@swc-node/register": "1.6.8",
        "@tsconfig/node18": "18.2.0",
        "@types/node": "18.18.10",
        "typescript": "5.4.3"
      }
    },
    "node_modules/@swc-node/core": {
      "version": "1.10.6",
      "resolved": "https://registry.npmjs.org/@swc-node/core/-/core-1.10.6.tgz",
      "integrity": "sha512-lDIi/rPosmKIknWzvs2/Fi9zWRtbkx8OJ9pQaevhsoGzJSal8Pd315k1W5AIrnknfdAB4HqRN12fk6AhqnrEEw==",
      "dev": true,
      "engines": {
        "node": ">= 10"
      },
      "funding": {
        "type": "github",
        "url": "https://github.com/sponsors/Brooooooklyn"
      },
      "peerDependencies": {
        "@swc/core": ">= 1.3"
      }
    },
    "node_modules/@swc-node/register": {
      "version": "1.6.8",
      "resolved": "https://registry.npmjs.org/@swc-node/register/-/register-1.6.8.tgz",
      "integrity": "sha512-74ijy7J9CWr1Z88yO+ykXphV29giCrSpANQPQRooE0bObpkTO1g4RzQovIfbIaniBiGDDVsYwDoQ3FIrCE8HcQ==",
      "dev": true,
      "dependencies": {
        "@swc-node/core": "^1.10.6",
        "@swc-node/sourcemap-support": "^0.3.0",
        "colorette": "^2.0.19",
        "debug": "^4.3.4",
        "pirates": "^4.0.5",
        "tslib": "^2.5.0"
      },
      "funding": {
        "type": "github",
        "url": "https://github.com/sponsors/Brooooooklyn"
      },
      "peerDependencies": {
        "@swc/core": ">= 1.3",
        "typescript": ">= 4.3"
      }
    },
    "node_modules/@swc-node/sourcemap-support": {
      "version": "0.3.0",
      "resolved": "https://registry.npmjs.org/@swc-node/sourcemap-support/-/sourcemap-support-0.3.0.tgz",
      "integrity": "sha512-gqBJSmJMWomZFxlppaKea7NeAqFrDrrS0RMt24No92M3nJWcyI9YKGEQKl+EyJqZ5gh6w1s0cTklMHMzRwA1NA==",
      "dev": true,
      "dependencies": {
        "source-map-support": "^0.5.21",
        "tslib": "^2.5.0"
      }
    },
    "node_modules/@swc/core": {
      "version": "1.3.89",
      "resolved": "https://registry.npmjs.org/@swc/core/-/core-1.3.89.tgz",
      "integrity": "sha512-+FchWateF57g50ChX6++QQDwgVd6iWZX5HA6m9LRIdJIB56bIqbwRQDwVL3Q8Rlbry4kmw+RxiOW2FjAx9mQOQ==",
      "dev": true,
      "hasInstallScript": true,
      "peer": true,
      "dependencies": {
        "@swc/counter": "^0.1.1",
        "@swc/types": "^0.1.5"
      },
      "engines": {
        "node": ">=10"
      },
      "funding": {
        "type": "opencollective",
        "url": "https://opencollective.com/swc"
      },
      "optionalDependencies": {
        "@swc/core-darwin-arm64": "1.3.89",
        "@swc/core-darwin-x64": "1.3.89",
        "@swc/core-linux-arm-gnueabihf": "1.3.89",
        "@swc/core-linux-arm64-gnu": "1.3.89",
        "@swc/core-linux-arm64-musl": "1.3.89",
        "@swc/core-linux-x64-gnu": "1.3.89",
        "@swc/core-linux-x64-musl": "1.3.89",
        "@swc/core-win32-arm64-msvc": "1.3.89",
        "@swc/core-win32-ia32-msvc": "1.3.89",
        "@swc/core-win32-x64-msvc": "1.3.89"
      },
      "peerDependencies": {
        "@swc/helpers": "^0.5.0"
      },
      "peerDependenciesMeta": {
        "@swc/helpers": {
          "optional": true
        }
      }
    },
    "node_modules/@swc/core-darwin-arm64": {
      "version": "1.3.89",
      "resolved": "https://registry.npmjs.org/@swc/core-darwin-arm64/-/core-darwin-arm64-1.3.89.tgz",
      "integrity": "sha512-LVCZQ2yGrX2678uMvW66IF1bzcOMqiABi+ioNDnJtAIsE/zRVMEYp1ivbOrH32FmPplBby6CGgJIOT3P4VaP1g==",
      "cpu": [
        "arm64"
      ],
      "dev": true,
      "optional": true,
      "os": [
        "darwin"
      ],
      "peer": true,
      "engines": {
        "node": ">=10"
      }
    },
    "node_modules/@swc/core-darwin-x64": {
      "version": "1.3.89",
      "resolved": "https://registry.npmjs.org/@swc/core-darwin-x64/-/core-darwin-x64-1.3.89.tgz",
      "integrity": "sha512-IwKlX65YrPBF3urOxBJia0PjnZeaICnCkSwGLiYyV1RhM8XwZ/XyEDTBEsdph3WxUM5wCZQSk8UY/d0saIsX9w==",
      "cpu": [
        "x64"
      ],
      "dev": true,
      "optional": true,
      "os": [
        "darwin"
      ],
      "peer": true,
      "engines": {
        "node": ">=10"
      }
    },
    "node_modules/@swc/core-linux-arm-gnueabihf": {
      "version": "1.3.89",
      "resolved": "https://registry.npmjs.org/@swc/core-linux-arm-gnueabihf/-/core-linux-arm-gnueabihf-1.3.89.tgz",
      "integrity": "sha512-u5qAPh7NkKoDJYwfaB5zuRvzW2+A89CQQHp5xcYjpctRsk3sUrPmC7vNeE12xipBNKLujIG59ppbrf6Pkp5XIg==",
      "cpu": [
        "arm"
      ],
      "dev": true,
      "optional": true,
      "os": [
        "linux"
      ],
      "peer": true,
      "engines": {
        "node": ">=10"
      }
    },
    "node_modules/@swc/core-linux-arm64-gnu": {
      "version": "1.3.89",
      "resolved": "https://registry.npmjs.org/@swc/core-linux-arm64-gnu/-/core-linux-arm64-gnu-1.3.89.tgz",
      "integrity": "sha512-eykuO7XtPltk600HvnnRr1nU5qGk7PeqLmztHA7R2bu2SbtcbCGsewPNcAX5eP8by2VwpGcLPdxaKyqeUwCgoA==",
      "cpu": [
        "arm64"
      ],
      "dev": true,
      "optional": true,
      "os": [
        "linux"
      ],
      "peer": true,
      "engines": {
        "node": ">=10"
      }
    },
    "node_modules/@swc/core-linux-arm64-musl": {
      "version": "1.3.89",
      "resolved": "https://registry.npmjs.org/@swc/core-linux-arm64-musl/-/core-linux-arm64-musl-1.3.89.tgz",
      "integrity": "sha512-i/65Vt3ljfd6EyR+WWZ5aAjZLTQMIHoR+Ay97jE0kysRn8MEOINu0SWyiEwcdXzRGlt+zkrKYfOxp745sWPDAw==",
      "cpu": [
        "arm64"
      ],
      "dev": true,
      "optional": true,
      "os": [
        "linux"
      ],
      "peer": true,
      "engines": {
        "node": ">=10"
      }
    },
    "node_modules/@swc/core-linux-x64-gnu": {
      "version": "1.3.89",
      "resolved": "https://registry.npmjs.org/@swc/core-linux-x64-gnu/-/core-linux-x64-gnu-1.3.89.tgz",
      "integrity": "sha512-ERETXe68CJRdNkL3EIN62gErh3p6+/6hmz4C0epnYJ4F7QspdW/EOluL1o9bl4dux4Xz0nmBPSZsqfHq/nl1KA==",
      "cpu": [
        "x64"
      ],
      "dev": true,
      "optional": true,
      "os": [
        "linux"
      ],
      "peer": true,
      "engines": {
        "node": ">=10"
      }
    },
    "node_modules/@swc/core-linux-x64-musl": {
      "version": "1.3.89",
      "resolved": "https://registry.npmjs.org/@swc/core-linux-x64-musl/-/core-linux-x64-musl-1.3.89.tgz",
      "integrity": "sha512-EXiwgU5E/yC5zuJtOXXWv+wMwpe5DR380XhVxIOBG6nFi6MR3O2X37KxeEdQZX8RwN7/KU6kNHeifzEiSvixfA==",
      "cpu": [
        "x64"
      ],
      "dev": true,
      "optional": true,
      "os": [
        "linux"
      ],
      "peer": true,
      "engines": {
        "node": ">=10"
      }
    },
    "node_modules/@swc/core-win32-arm64-msvc": {
      "version": "1.3.89",
      "resolved": "https://registry.npmjs.org/@swc/core-win32-arm64-msvc/-/core-win32-arm64-msvc-1.3.89.tgz",
      "integrity": "sha512-j7GvkgeOrZlB55MpEwX+6E6KjxwOmwRXpIqMjF11JDIZ0wEwHlBxZhlnQQ58iuI6jL6AJgDH/ktDhMyELoBiHw==",
      "cpu": [
        "arm64"
      ],
      "dev": true,
      "optional": true,
      "os": [
        "win32"
      ],
      "peer": true,
      "engines": {
        "node": ">=10"
      }
    },
    "node_modules/@swc/core-win32-ia32-msvc": {
      "version": "1.3.89",
      "resolved": "https://registry.npmjs.org/@swc/core-win32-ia32-msvc/-/core-win32-ia32-msvc-1.3.89.tgz",
      "integrity": "sha512-n57nE7d3FXBa3Y2+VoJdPulcUAS0ZGAGVGxFpeM/tZt1MBEN5OvpOSOIp35dK5HAAxAzTPlmqj9KUYnVxLMVKw==",
      "cpu": [
        "ia32"
      ],
      "dev": true,
      "optional": true,
      "os": [
        "win32"
      ],
      "peer": true,
      "engines": {
        "node": ">=10"
      }
    },
    "node_modules/@swc/core-win32-x64-msvc": {
      "version": "1.3.89",
      "resolved": "https://registry.npmjs.org/@swc/core-win32-x64-msvc/-/core-win32-x64-msvc-1.3.89.tgz",
      "integrity": "sha512-6yMAmqgseAwEXFIwurP7CL8yIH8n7/Rg62ooOVSLSWL5O/Pwlpy1WrpoA0eKhgMLLkIrPvNuKaE/rG7c2iNQHA==",
      "cpu": [
        "x64"
      ],
      "dev": true,
      "optional": true,
      "os": [
        "win32"
      ],
      "peer": true,
      "engines": {
        "node": ">=10"
      }
    },
    "node_modules/@swc/counter": {
      "version": "0.1.1",
      "resolved": "https://registry.npmjs.org/@swc/counter/-/counter-0.1.1.tgz",
      "integrity": "sha512-xVRaR4u9hcYjFvcSg71Lz5Bo4//CyjAAfMxa7UsaDSYxAshflUkVJWiyVWrfxC59z2kP1IzI4/1BEpnhI9o3Mw==",
      "dev": true,
      "peer": true
    },
    "node_modules/@swc/types": {
      "version": "0.1.5",
      "resolved": "https://registry.npmjs.org/@swc/types/-/types-0.1.5.tgz",
      "integrity": "sha512-myfUej5naTBWnqOCc/MdVOLVjXUXtIA+NpDrDBKJtLLg2shUjBu3cZmB/85RyitKc55+lUUyl7oRfLOvkr2hsw==",
      "dev": true,
      "peer": true
    },
    "node_modules/@tsconfig/node18": {
      "version": "18.2.0",
      "resolved": "https://registry.npmjs.org/@tsconfig/node18/-/node18-18.2.0.tgz",
      "integrity": "sha512-yhxwIlFVSVcMym3O31HoMnRXpoenmpIxcj4Yoes2DUpe+xCJnA7ECQP1Vw889V0jTt/2nzvpLQ/UuMYCd3JPIg==",
      "dev": true
    },
    "node_modules/@types/node": {
      "version": "18.18.10",
      "resolved": "https://registry.npmjs.org/@types/node/-/node-18.18.10.tgz",
      "integrity": "sha512-luANqZxPmjTll8bduz4ACs/lNTCLuWssCyjqTY9yLdsv1xnViQp3ISKwsEWOIecO13JWUqjVdig/Vjjc09o8uA==",
      "dev": true,
      "dependencies": {
        "undici-types": "~5.26.4"
      }
    },
    "node_modules/buffer-from": {
      "version": "1.1.2",
      "resolved": "https://registry.npmjs.org/buffer-from/-/buffer-from-1.1.2.tgz",
      "integrity": "sha512-E+XQCRwSbaaiChtv6k6Dwgc+bx+Bs6vuKJHHl5kox/BaKbhiXzqQOwK4cO22yElGp2OCmjwVhT3HmxgyPGnJfQ==",
      "dev": true
    },
    "node_modules/colorette": {
      "version": "2.0.20",
      "resolved": "https://registry.npmjs.org/colorette/-/colorette-2.0.20.tgz",
      "integrity": "sha512-IfEDxwoWIjkeXL1eXcDiow4UbKjhLdq6/EuSVR9GMN7KVH3r9gQ83e73hsz1Nd1T3ijd5xv1wcWRYO+D6kCI2w==",
      "dev": true
    },
    "node_modules/debug": {
      "version": "4.3.4",
      "resolved": "https://registry.npmjs.org/debug/-/debug-4.3.4.tgz",
      "integrity": "sha512-PRWFHuSU3eDtQJPvnNY7Jcket1j0t5OuOsFzPPzsekD52Zl8qUfFIPEiswXqIvHWGVHOgX+7G/vCNNhehwxfkQ==",
      "dev": true,
      "dependencies": {
        "ms": "2.1.2"
      },
      "engines": {
        "node": ">=6.0"
      },
      "peerDependenciesMeta": {
        "supports-color": {
          "optional": true
        }
      }
    },
    "node_modules/ms": {
      "version": "2.1.2",
      "resolved": "https://registry.npmjs.org/ms/-/ms-2.1.2.tgz",
      "integrity": "sha512-sGkPx+VjMtmA6MX27oA4FBFELFCZZ4S4XqeGOXCv68tT+jb3vk/RyaKWP0PTKyWtmLSM0b+adUTEvbs1PEaH2w==",
      "dev": true
    },
    "node_modules/pirates": {
      "version": "4.0.5",
      "resolved": "https://registry.npmjs.org/pirates/-/pirates-4.0.5.tgz",
      "integrity": "sha512-8V9+HQPupnaXMA23c5hvl69zXvTwTzyAYasnkb0Tts4XvO4CliqONMOnvlq26rkhLC3nWDFBJf73LU1e1VZLaQ==",
      "dev": true,
      "engines": {
        "node": ">= 6"
      }
    },
    "node_modules/source-map": {
      "version": "0.6.1",
      "resolved": "https://registry.npmjs.org/source-map/-/source-map-0.6.1.tgz",
      "integrity": "sha512-UjgapumWlbMhkBgzT7Ykc5YXUT46F0iKu8SGXq0bcwP5dz/h0Plj6enJqjz1Zbq2l5WaqYnrVbwWOWMyF3F47g==",
      "dev": true,
      "engines": {
        "node": ">=0.10.0"
      }
    },
    "node_modules/source-map-support": {
      "version": "0.5.21",
      "resolved": "https://registry.npmjs.org/source-map-support/-/source-map-support-0.5.21.tgz",
      "integrity": "sha512-uBHU3L3czsIyYXKX88fdrGovxdSCoTGDRZ6SYXtSRxLZUzHg5P/66Ht6uoUlHu9EZod+inXhKo3qQgwXUT/y1w==",
      "dev": true,
      "dependencies": {
        "buffer-from": "^1.0.0",
        "source-map": "^0.6.0"
      }
    },
    "node_modules/tslib": {
      "version": "2.5.0",
      "resolved": "https://registry.npmjs.org/tslib/-/tslib-2.5.0.tgz",
      "integrity": "sha512-336iVw3rtn2BUK7ORdIAHTyxHGRIHVReokCR3XjbckJMK7ms8FysBfhLR8IXnAgy7T0PTPNBWKiH514FOW/WSg==",
      "dev": true
    },
    "node_modules/typescript": {
      "version": "5.4.3",
      "resolved": "https://registry.npmjs.org/typescript/-/typescript-5.4.3.tgz",
      "integrity": "sha512-KrPd3PKaCLr78MalgiwJnA25Nm8HAmdwN3mYUYZgG/wizIo9EainNVQI9/yDavtVFRN2h3k8uf3GLHuhDMgEHg==",
      "dev": true,
      "bin": {
        "tsc": "bin/tsc",
        "tsserver": "bin/tsserver"
      },
      "engines": {
        "node": ">=14.17"
      }
    },
    "node_modules/undici-types": {
      "version": "5.26.5",
      "resolved": "https://registry.npmjs.org/undici-types/-/undici-types-5.26.5.tgz",
      "integrity": "sha512-JlCMO+ehdEIKqlFxk6IfVoAUVmgz7cU7zD/h9XZ0qzeosSHmUJVOzSQvvYSYWXkFXC+IfLKSIffhv0sVZup6pA==",
      "dev": true
    },
    "node_modules/yaml": {
      "version": "2.3.1",
      "resolved": "https://registry.npmjs.org/yaml/-/yaml-2.3.1.tgz",
      "integrity": "sha512-2eHWfjaoXgTBC2jNM1LRef62VQa0umtvRiDSk6HSzW7RvS5YtkabJrwYLLEKWBc8a5U2PTSCs+dJjUTJdlHsWQ==",
      "engines": {
        "node": ">= 14"
      }
    }
  },
  "dependencies": {
    "@swc-node/core": {
      "version": "1.10.6",
      "resolved": "https://registry.npmjs.org/@swc-node/core/-/core-1.10.6.tgz",
      "integrity": "sha512-lDIi/rPosmKIknWzvs2/Fi9zWRtbkx8OJ9pQaevhsoGzJSal8Pd315k1W5AIrnknfdAB4HqRN12fk6AhqnrEEw==",
      "dev": true,
      "requires": {}
    },
    "@swc-node/register": {
      "version": "1.6.8",
      "resolved": "https://registry.npmjs.org/@swc-node/register/-/register-1.6.8.tgz",
      "integrity": "sha512-74ijy7J9CWr1Z88yO+ykXphV29giCrSpANQPQRooE0bObpkTO1g4RzQovIfbIaniBiGDDVsYwDoQ3FIrCE8HcQ==",
      "dev": true,
      "requires": {
        "@swc-node/core": "^1.10.6",
        "@swc-node/sourcemap-support": "^0.3.0",
        "colorette": "^2.0.19",
        "debug": "^4.3.4",
        "pirates": "^4.0.5",
        "tslib": "^2.5.0"
      }
    },
    "@swc-node/sourcemap-support": {
      "version": "0.3.0",
      "resolved": "https://registry.npmjs.org/@swc-node/sourcemap-support/-/sourcemap-support-0.3.0.tgz",
      "integrity": "sha512-gqBJSmJMWomZFxlppaKea7NeAqFrDrrS0RMt24No92M3nJWcyI9YKGEQKl+EyJqZ5gh6w1s0cTklMHMzRwA1NA==",
      "dev": true,
      "requires": {
        "source-map-support": "^0.5.21",
        "tslib": "^2.5.0"
      }
    },
    "@swc/core": {
      "version": "1.3.89",
      "resolved": "https://registry.npmjs.org/@swc/core/-/core-1.3.89.tgz",
      "integrity": "sha512-+FchWateF57g50ChX6++QQDwgVd6iWZX5HA6m9LRIdJIB56bIqbwRQDwVL3Q8Rlbry4kmw+RxiOW2FjAx9mQOQ==",
      "dev": true,
      "peer": true,
      "requires": {
        "@swc/core-darwin-arm64": "1.3.89",
        "@swc/core-darwin-x64": "1.3.89",
        "@swc/core-linux-arm-gnueabihf": "1.3.89",
        "@swc/core-linux-arm64-gnu": "1.3.89",
        "@swc/core-linux-arm64-musl": "1.3.89",
        "@swc/core-linux-x64-gnu": "1.3.89",
        "@swc/core-linux-x64-musl": "1.3.89",
        "@swc/core-win32-arm64-msvc": "1.3.89",
        "@swc/core-win32-ia32-msvc": "1.3.89",
        "@swc/core-win32-x64-msvc": "1.3.89",
        "@swc/counter": "^0.1.1",
        "@swc/types": "^0.1.5"
      }
    },
    "@swc/core-darwin-arm64": {
      "version": "1.3.89",
      "resolved": "https://registry.npmjs.org/@swc/core-darwin-arm64/-/core-darwin-arm64-1.3.89.tgz",
      "integrity": "sha512-LVCZQ2yGrX2678uMvW66IF1bzcOMqiABi+ioNDnJtAIsE/zRVMEYp1ivbOrH32FmPplBby6CGgJIOT3P4VaP1g==",
      "dev": true,
      "optional": true,
      "peer": true
    },
    "@swc/core-darwin-x64": {
      "version": "1.3.89",
      "resolved": "https://registry.npmjs.org/@swc/core-darwin-x64/-/core-darwin-x64-1.3.89.tgz",
      "integrity": "sha512-IwKlX65YrPBF3urOxBJia0PjnZeaICnCkSwGLiYyV1RhM8XwZ/XyEDTBEsdph3WxUM5wCZQSk8UY/d0saIsX9w==",
      "dev": true,
      "optional": true,
      "peer": true
    },
    "@swc/core-linux-arm-gnueabihf": {
      "version": "1.3.89",
      "resolved": "https://registry.npmjs.org/@swc/core-linux-arm-gnueabihf/-/core-linux-arm-gnueabihf-1.3.89.tgz",
      "integrity": "sha512-u5qAPh7NkKoDJYwfaB5zuRvzW2+A89CQQHp5xcYjpctRsk3sUrPmC7vNeE12xipBNKLujIG59ppbrf6Pkp5XIg==",
      "dev": true,
      "optional": true,
      "peer": true
    },
    "@swc/core-linux-arm64-gnu": {
      "version": "1.3.89",
      "resolved": "https://registry.npmjs.org/@swc/core-linux-arm64-gnu/-/core-linux-arm64-gnu-1.3.89.tgz",
      "integrity": "sha512-eykuO7XtPltk600HvnnRr1nU5qGk7PeqLmztHA7R2bu2SbtcbCGsewPNcAX5eP8by2VwpGcLPdxaKyqeUwCgoA==",
      "dev": true,
      "optional": true,
      "peer": true
    },
    "@swc/core-linux-arm64-musl": {
      "version": "1.3.89",
      "resolved": "https://registry.npmjs.org/@swc/core-linux-arm64-musl/-/core-linux-arm64-musl-1.3.89.tgz",
      "integrity": "sha512-i/65Vt3ljfd6EyR+WWZ5aAjZLTQMIHoR+Ay97jE0kysRn8MEOINu0SWyiEwcdXzRGlt+zkrKYfOxp745sWPDAw==",
      "dev": true,
      "optional": true,
      "peer": true
    },
    "@swc/core-linux-x64-gnu": {
      "version": "1.3.89",
      "resolved": "https://registry.npmjs.org/@swc/core-linux-x64-gnu/-/core-linux-x64-gnu-1.3.89.tgz",
      "integrity": "sha512-ERETXe68CJRdNkL3EIN62gErh3p6+/6hmz4C0epnYJ4F7QspdW/EOluL1o9bl4dux4Xz0nmBPSZsqfHq/nl1KA==",
      "dev": true,
      "optional": true,
      "peer": true
    },
    "@swc/core-linux-x64-musl": {
      "version": "1.3.89",
      "resolved": "https://registry.npmjs.org/@swc/core-linux-x64-musl/-/core-linux-x64-musl-1.3.89.tgz",
      "integrity": "sha512-EXiwgU5E/yC5zuJtOXXWv+wMwpe5DR380XhVxIOBG6nFi6MR3O2X37KxeEdQZX8RwN7/KU6kNHeifzEiSvixfA==",
      "dev": true,
      "optional": true,
      "peer": true
    },
    "@swc/core-win32-arm64-msvc": {
      "version": "1.3.89",
      "resolved": "https://registry.npmjs.org/@swc/core-win32-arm64-msvc/-/core-win32-arm64-msvc-1.3.89.tgz",
      "integrity": "sha512-j7GvkgeOrZlB55MpEwX+6E6KjxwOmwRXpIqMjF11JDIZ0wEwHlBxZhlnQQ58iuI6jL6AJgDH/ktDhMyELoBiHw==",
      "dev": true,
      "optional": true,
      "peer": true
    },
    "@swc/core-win32-ia32-msvc": {
      "version": "1.3.89",
      "resolved": "https://registry.npmjs.org/@swc/core-win32-ia32-msvc/-/core-win32-ia32-msvc-1.3.89.tgz",
      "integrity": "sha512-n57nE7d3FXBa3Y2+VoJdPulcUAS0ZGAGVGxFpeM/tZt1MBEN5OvpOSOIp35dK5HAAxAzTPlmqj9KUYnVxLMVKw==",
      "dev": true,
      "optional": true,
      "peer": true
    },
    "@swc/core-win32-x64-msvc": {
      "version": "1.3.89",
      "resolved": "https://registry.npmjs.org/@swc/core-win32-x64-msvc/-/core-win32-x64-msvc-1.3.89.tgz",
      "integrity": "sha512-6yMAmqgseAwEXFIwurP7CL8yIH8n7/Rg62ooOVSLSWL5O/Pwlpy1WrpoA0eKhgMLLkIrPvNuKaE/rG7c2iNQHA==",
      "dev": true,
      "optional": true,
      "peer": true
    },
    "@swc/counter": {
      "version": "0.1.1",
      "resolved": "https://registry.npmjs.org/@swc/counter/-/counter-0.1.1.tgz",
      "integrity": "sha512-xVRaR4u9hcYjFvcSg71Lz5Bo4//CyjAAfMxa7UsaDSYxAshflUkVJWiyVWrfxC59z2kP1IzI4/1BEpnhI9o3Mw==",
      "dev": true,
      "peer": true
    },
    "@swc/types": {
      "version": "0.1.5",
      "resolved": "https://registry.npmjs.org/@swc/types/-/types-0.1.5.tgz",
      "integrity": "sha512-myfUej5naTBWnqOCc/MdVOLVjXUXtIA+NpDrDBKJtLLg2shUjBu3cZmB/85RyitKc55+lUUyl7oRfLOvkr2hsw==",
      "dev": true,
      "peer": true
    },
    "@tsconfig/node18": {
      "version": "18.2.0",
      "resolved": "https://registry.npmjs.org/@tsconfig/node18/-/node18-18.2.0.tgz",
      "integrity": "sha512-yhxwIlFVSVcMym3O31HoMnRXpoenmpIxcj4Yoes2DUpe+xCJnA7ECQP1Vw889V0jTt/2nzvpLQ/UuMYCd3JPIg==",
      "dev": true
    },
    "@types/node": {
      "version": "18.18.10",
      "resolved": "https://registry.npmjs.org/@types/node/-/node-18.18.10.tgz",
      "integrity": "sha512-luANqZxPmjTll8bduz4ACs/lNTCLuWssCyjqTY9yLdsv1xnViQp3ISKwsEWOIecO13JWUqjVdig/Vjjc09o8uA==",
      "dev": true,
      "requires": {
        "undici-types": "~5.26.4"
      }
    },
    "buffer-from": {
      "version": "1.1.2",
      "resolved": "https://registry.npmjs.org/buffer-from/-/buffer-from-1.1.2.tgz",
      "integrity": "sha512-E+XQCRwSbaaiChtv6k6Dwgc+bx+Bs6vuKJHHl5kox/BaKbhiXzqQOwK4cO22yElGp2OCmjwVhT3HmxgyPGnJfQ==",
      "dev": true
    },
    "colorette": {
      "version": "2.0.20",
      "resolved": "https://registry.npmjs.org/colorette/-/colorette-2.0.20.tgz",
      "integrity": "sha512-IfEDxwoWIjkeXL1eXcDiow4UbKjhLdq6/EuSVR9GMN7KVH3r9gQ83e73hsz1Nd1T3ijd5xv1wcWRYO+D6kCI2w==",
      "dev": true
    },
    "debug": {
      "version": "4.3.4",
      "resolved": "https://registry.npmjs.org/debug/-/debug-4.3.4.tgz",
      "integrity": "sha512-PRWFHuSU3eDtQJPvnNY7Jcket1j0t5OuOsFzPPzsekD52Zl8qUfFIPEiswXqIvHWGVHOgX+7G/vCNNhehwxfkQ==",
      "dev": true,
      "requires": {
        "ms": "2.1.2"
      }
    },
    "ms": {
      "version": "2.1.2",
      "resolved": "https://registry.npmjs.org/ms/-/ms-2.1.2.tgz",
      "integrity": "sha512-sGkPx+VjMtmA6MX27oA4FBFELFCZZ4S4XqeGOXCv68tT+jb3vk/RyaKWP0PTKyWtmLSM0b+adUTEvbs1PEaH2w==",
      "dev": true
    },
    "pirates": {
      "version": "4.0.5",
      "resolved": "https://registry.npmjs.org/pirates/-/pirates-4.0.5.tgz",
      "integrity": "sha512-8V9+HQPupnaXMA23c5hvl69zXvTwTzyAYasnkb0Tts4XvO4CliqONMOnvlq26rkhLC3nWDFBJf73LU1e1VZLaQ==",
      "dev": true
    },
    "source-map": {
      "version": "0.6.1",
      "resolved": "https://registry.npmjs.org/source-map/-/source-map-0.6.1.tgz",
      "integrity": "sha512-UjgapumWlbMhkBgzT7Ykc5YXUT46F0iKu8SGXq0bcwP5dz/h0Plj6enJqjz1Zbq2l5WaqYnrVbwWOWMyF3F47g==",
      "dev": true
    },
    "source-map-support": {
      "version": "0.5.21",
      "resolved": "https://registry.npmjs.org/source-map-support/-/source-map-support-0.5.21.tgz",
      "integrity": "sha512-uBHU3L3czsIyYXKX88fdrGovxdSCoTGDRZ6SYXtSRxLZUzHg5P/66Ht6uoUlHu9EZod+inXhKo3qQgwXUT/y1w==",
      "dev": true,
      "requires": {
        "buffer-from": "^1.0.0",
        "source-map": "^0.6.0"
      }
    },
    "tslib": {
      "version": "2.5.0",
      "resolved": "https://registry.npmjs.org/tslib/-/tslib-2.5.0.tgz",
      "integrity": "sha512-336iVw3rtn2BUK7ORdIAHTyxHGRIHVReokCR3XjbckJMK7ms8FysBfhLR8IXnAgy7T0PTPNBWKiH514FOW/WSg==",
      "dev": true
    },
    "typescript": {
      "version": "5.4.3",
      "resolved": "https://registry.npmjs.org/typescript/-/typescript-5.4.3.tgz",
      "integrity": "sha512-KrPd3PKaCLr78MalgiwJnA25Nm8HAmdwN3mYUYZgG/wizIo9EainNVQI9/yDavtVFRN2h3k8uf3GLHuhDMgEHg==",
      "dev": true
    },
    "undici-types": {
      "version": "5.26.5",
      "resolved": "https://registry.npmjs.org/undici-types/-/undici-types-5.26.5.tgz",
      "integrity": "sha512-JlCMO+ehdEIKqlFxk6IfVoAUVmgz7cU7zD/h9XZ0qzeosSHmUJVOzSQvvYSYWXkFXC+IfLKSIffhv0sVZup6pA==",
      "dev": true
    },
    "yaml": {
      "version": "2.3.1",
      "resolved": "https://registry.npmjs.org/yaml/-/yaml-2.3.1.tgz",
      "integrity": "sha512-2eHWfjaoXgTBC2jNM1LRef62VQa0umtvRiDSk6HSzW7RvS5YtkabJrwYLLEKWBc8a5U2PTSCs+dJjUTJdlHsWQ=="
    }
  }
}
