{
  "name": "adzerk-api-specification",
  "version": "1.0.0",
  "lockfileVersion": 2,
  "requires": true,
  "packages": {
    "": {
      "name": "adzerk-api-specification",
      "version": "1.0.0",
      "license": "ISC",
      "dependencies": {
        "yaml": "2.3.1"
      },
      "devDependencies": {
        "@swc-node/register": "1.6.7",
        "@tsconfig/node18": "18.2.0",
        "@types/node": "18.17.6",
        "typescript": "5.3.2"
      }
    },
    "node_modules/@swc-node/core": {
      "version": "1.10.5",
      "resolved": "https://registry.npmjs.org/@swc-node/core/-/core-1.10.5.tgz",
      "integrity": "sha512-G+Me0sTApMy6WY9mT0TluFxdO633P1GWMllbT3LWeJlknqQxJo8dAQcV0Uc0+rvBVXt7rRo/BMUZNJp88qarzg==",
      "dev": true,
      "engines": {
        "node": ">= 10"
      },
      "funding": {
        "type": "github",
        "url": "https://github.com/sponsors/Brooooooklyn"
      },
      "peerDependencies": {
        "@swc/core": ">= 1.3"
      }
    },
    "node_modules/@swc-node/register": {
      "version": "1.6.7",
      "resolved": "https://registry.npmjs.org/@swc-node/register/-/register-1.6.7.tgz",
      "integrity": "sha512-+Tccbb4+fN8vYx88fdEGFbsCSnF0zBxbVhZkYkFAbVI7h6zVIgA3Jmlok4ZM+q+1KxzPN7AOfhQVuFOYBzZBeA==",
      "dev": true,
      "dependencies": {
        "@swc-node/core": "^1.10.5",
        "@swc-node/sourcemap-support": "^0.3.0",
        "colorette": "^2.0.19",
        "debug": "^4.3.4",
        "pirates": "^4.0.5",
        "tslib": "^2.5.0"
      },
      "funding": {
        "type": "github",
        "url": "https://github.com/sponsors/Brooooooklyn"
      },
      "peerDependencies": {
        "@swc/core": ">= 1.3",
        "typescript": ">= 4.3"
      }
    },
    "node_modules/@swc-node/sourcemap-support": {
      "version": "0.3.0",
      "resolved": "https://registry.npmjs.org/@swc-node/sourcemap-support/-/sourcemap-support-0.3.0.tgz",
      "integrity": "sha512-gqBJSmJMWomZFxlppaKea7NeAqFrDrrS0RMt24No92M3nJWcyI9YKGEQKl+EyJqZ5gh6w1s0cTklMHMzRwA1NA==",
      "dev": true,
      "dependencies": {
        "source-map-support": "^0.5.21",
        "tslib": "^2.5.0"
      }
    },
    "node_modules/@swc/core": {
      "version": "1.3.78",
      "resolved": "https://registry.npmjs.org/@swc/core/-/core-1.3.78.tgz",
      "integrity": "sha512-y6DQP571v7fbUUY7nz5G4lNIRGofuO48K5pGhD9VnuOCTuptfooCdi8wnigIrIhM/M4zQ53m/YCMDCbOtDgEww==",
      "dev": true,
      "hasInstallScript": true,
      "peer": true,
      "engines": {
        "node": ">=10"
      },
      "funding": {
        "type": "opencollective",
        "url": "https://opencollective.com/swc"
      },
      "optionalDependencies": {
        "@swc/core-darwin-arm64": "1.3.78",
        "@swc/core-darwin-x64": "1.3.78",
        "@swc/core-linux-arm-gnueabihf": "1.3.78",
        "@swc/core-linux-arm64-gnu": "1.3.78",
        "@swc/core-linux-arm64-musl": "1.3.78",
        "@swc/core-linux-x64-gnu": "1.3.78",
        "@swc/core-linux-x64-musl": "1.3.78",
        "@swc/core-win32-arm64-msvc": "1.3.78",
        "@swc/core-win32-ia32-msvc": "1.3.78",
        "@swc/core-win32-x64-msvc": "1.3.78"
      },
      "peerDependencies": {
        "@swc/helpers": "^0.5.0"
      },
      "peerDependenciesMeta": {
        "@swc/helpers": {
          "optional": true
        }
      }
    },
    "node_modules/@swc/core-darwin-arm64": {
      "version": "1.3.78",
      "resolved": "https://registry.npmjs.org/@swc/core-darwin-arm64/-/core-darwin-arm64-1.3.78.tgz",
      "integrity": "sha512-596KRua/d5Gx1buHKKchSyHuwoIL4S1BRD/wCvYNLNZ3xOzcuBBmXOjrDVigKi1ztNDeS07p30RO5UyYur0XAA==",
      "cpu": [
        "arm64"
      ],
      "dev": true,
      "optional": true,
      "os": [
        "darwin"
      ],
      "peer": true,
      "engines": {
        "node": ">=10"
      }
    },
    "node_modules/@swc/core-darwin-x64": {
      "version": "1.3.78",
      "resolved": "https://registry.npmjs.org/@swc/core-darwin-x64/-/core-darwin-x64-1.3.78.tgz",
      "integrity": "sha512-w0RsD1onQAj0vuLAoOVi48HgnW6D6oBEIZP17l0HYejCDBZ+FRZLjml7wgNAWMqHcd2qNRqgtZ+v7aLza2JtBQ==",
      "cpu": [
        "x64"
      ],
      "dev": true,
      "optional": true,
      "os": [
        "darwin"
      ],
      "peer": true,
      "engines": {
        "node": ">=10"
      }
    },
    "node_modules/@swc/core-linux-arm-gnueabihf": {
      "version": "1.3.78",
      "resolved": "https://registry.npmjs.org/@swc/core-linux-arm-gnueabihf/-/core-linux-arm-gnueabihf-1.3.78.tgz",
      "integrity": "sha512-v1CpRn+H6fha1WIqmdRvJM40pFdjUHrGfhf4Ygci72nlAU41l5XimN8Iwkm8FgIwf2wnv0lLzedSM4IHvpq/yA==",
      "cpu": [
        "arm"
      ],
      "dev": true,
      "optional": true,
      "os": [
        "linux"
      ],
      "peer": true,
      "engines": {
        "node": ">=10"
      }
    },
    "node_modules/@swc/core-linux-arm64-gnu": {
      "version": "1.3.78",
      "resolved": "https://registry.npmjs.org/@swc/core-linux-arm64-gnu/-/core-linux-arm64-gnu-1.3.78.tgz",
      "integrity": "sha512-Sis17dz9joJRFVvR/gteOZSUNrrrioo81RQzani0Zr5ZZOfWLMTB9DA+0MVlfnVa2taYcsJHJZFoAv9JkLwbzg==",
      "cpu": [
        "arm64"
      ],
      "dev": true,
      "optional": true,
      "os": [
        "linux"
      ],
      "peer": true,
      "engines": {
        "node": ">=10"
      }
    },
    "node_modules/@swc/core-linux-arm64-musl": {
      "version": "1.3.78",
      "resolved": "https://registry.npmjs.org/@swc/core-linux-arm64-musl/-/core-linux-arm64-musl-1.3.78.tgz",
      "integrity": "sha512-E5F8/qp+QupnfBnsP4vN1PKyCmAHYHDG1GMyPE/zLFOUYLgw+jK4C9rfyLBR0o2bWo1ay2WCIjusBZD9XHGOSA==",
      "cpu": [
        "arm64"
      ],
      "dev": true,
      "optional": true,
      "os": [
        "linux"
      ],
      "peer": true,
      "engines": {
        "node": ">=10"
      }
    },
    "node_modules/@swc/core-linux-x64-gnu": {
      "version": "1.3.78",
      "resolved": "https://registry.npmjs.org/@swc/core-linux-x64-gnu/-/core-linux-x64-gnu-1.3.78.tgz",
      "integrity": "sha512-iDxa+RknnTQlyy+WfPor1FM6y44ERNI2E0xiUV6gV6uPwegCngi8LFC+E7IvP6+p+yXtAkesunAaiZ8nn0s+rw==",
      "cpu": [
        "x64"
      ],
      "dev": true,
      "optional": true,
      "os": [
        "linux"
      ],
      "peer": true,
      "engines": {
        "node": ">=10"
      }
    },
    "node_modules/@swc/core-linux-x64-musl": {
      "version": "1.3.78",
      "resolved": "https://registry.npmjs.org/@swc/core-linux-x64-musl/-/core-linux-x64-musl-1.3.78.tgz",
      "integrity": "sha512-dWtIYUFL5sMTE2UKshkXTusHcK8+zAhhGzvqWq1wJS45pqTlrAbzpyqB780fle880x3A6DMitWmsAFARdNzpuQ==",
      "cpu": [
        "x64"
      ],
      "dev": true,
      "optional": true,
      "os": [
        "linux"
      ],
      "peer": true,
      "engines": {
        "node": ">=10"
      }
    },
    "node_modules/@swc/core-win32-arm64-msvc": {
      "version": "1.3.78",
      "resolved": "https://registry.npmjs.org/@swc/core-win32-arm64-msvc/-/core-win32-arm64-msvc-1.3.78.tgz",
      "integrity": "sha512-CXFaGEc2M9Su3UoUMC8AnzKb9g+GwPxXfakLWZsjwS448h6jcreExq3nwtBNdVGzQ26xqeVLMFfb1l/oK99Hwg==",
      "cpu": [
        "arm64"
      ],
      "dev": true,
      "optional": true,
      "os": [
        "win32"
      ],
      "peer": true,
      "engines": {
        "node": ">=10"
      }
    },
    "node_modules/@swc/core-win32-ia32-msvc": {
      "version": "1.3.78",
      "resolved": "https://registry.npmjs.org/@swc/core-win32-ia32-msvc/-/core-win32-ia32-msvc-1.3.78.tgz",
      "integrity": "sha512-FaH1jwWnJpWkdImpMoiZpMg9oy9UUyZwltzN7hFwjR48e3Li82cRFb+9PifIBHCUSBM+CrrsJXbHP213IMVAyw==",
      "cpu": [
        "ia32"
      ],
      "dev": true,
      "optional": true,
      "os": [
        "win32"
      ],
      "peer": true,
      "engines": {
        "node": ">=10"
      }
    },
    "node_modules/@swc/core-win32-x64-msvc": {
      "version": "1.3.78",
      "resolved": "https://registry.npmjs.org/@swc/core-win32-x64-msvc/-/core-win32-x64-msvc-1.3.78.tgz",
      "integrity": "sha512-oYxa+tPdhlx1aH14AIoF6kvVjo49tEOW0drNqoEaVHufvgH0y43QU2Jum3b2+xXztmMRtzK2CSN3GPOAXDKKKg==",
      "cpu": [
        "x64"
      ],
      "dev": true,
      "optional": true,
      "os": [
        "win32"
      ],
      "peer": true,
      "engines": {
        "node": ">=10"
      }
    },
    "node_modules/@tsconfig/node18": {
      "version": "18.2.0",
      "resolved": "https://registry.npmjs.org/@tsconfig/node18/-/node18-18.2.0.tgz",
      "integrity": "sha512-yhxwIlFVSVcMym3O31HoMnRXpoenmpIxcj4Yoes2DUpe+xCJnA7ECQP1Vw889V0jTt/2nzvpLQ/UuMYCd3JPIg==",
      "dev": true
    },
    "node_modules/@types/node": {
      "version": "18.17.6",
      "resolved": "https://registry.npmjs.org/@types/node/-/node-18.17.6.tgz",
      "integrity": "sha512-fGmT/P7z7ecA6bv/ia5DlaWCH4YeZvAQMNpUhrJjtAhOhZfoxS1VLUgU2pdk63efSjQaOJWdXMuAJsws+8I6dg==",
      "dev": true
    },
    "node_modules/buffer-from": {
      "version": "1.1.2",
      "resolved": "https://registry.npmjs.org/buffer-from/-/buffer-from-1.1.2.tgz",
      "integrity": "sha512-E+XQCRwSbaaiChtv6k6Dwgc+bx+Bs6vuKJHHl5kox/BaKbhiXzqQOwK4cO22yElGp2OCmjwVhT3HmxgyPGnJfQ==",
      "dev": true
    },
    "node_modules/colorette": {
      "version": "2.0.20",
      "resolved": "https://registry.npmjs.org/colorette/-/colorette-2.0.20.tgz",
      "integrity": "sha512-IfEDxwoWIjkeXL1eXcDiow4UbKjhLdq6/EuSVR9GMN7KVH3r9gQ83e73hsz1Nd1T3ijd5xv1wcWRYO+D6kCI2w==",
      "dev": true
    },
    "node_modules/debug": {
      "version": "4.3.4",
      "resolved": "https://registry.npmjs.org/debug/-/debug-4.3.4.tgz",
      "integrity": "sha512-PRWFHuSU3eDtQJPvnNY7Jcket1j0t5OuOsFzPPzsekD52Zl8qUfFIPEiswXqIvHWGVHOgX+7G/vCNNhehwxfkQ==",
      "dev": true,
      "dependencies": {
        "ms": "2.1.2"
      },
      "engines": {
        "node": ">=6.0"
      },
      "peerDependenciesMeta": {
        "supports-color": {
          "optional": true
        }
      }
    },
    "node_modules/ms": {
      "version": "2.1.2",
      "resolved": "https://registry.npmjs.org/ms/-/ms-2.1.2.tgz",
      "integrity": "sha512-sGkPx+VjMtmA6MX27oA4FBFELFCZZ4S4XqeGOXCv68tT+jb3vk/RyaKWP0PTKyWtmLSM0b+adUTEvbs1PEaH2w==",
      "dev": true
    },
    "node_modules/pirates": {
      "version": "4.0.5",
      "resolved": "https://registry.npmjs.org/pirates/-/pirates-4.0.5.tgz",
      "integrity": "sha512-8V9+HQPupnaXMA23c5hvl69zXvTwTzyAYasnkb0Tts4XvO4CliqONMOnvlq26rkhLC3nWDFBJf73LU1e1VZLaQ==",
      "dev": true,
      "engines": {
        "node": ">= 6"
      }
    },
    "node_modules/source-map": {
      "version": "0.6.1",
      "resolved": "https://registry.npmjs.org/source-map/-/source-map-0.6.1.tgz",
      "integrity": "sha512-UjgapumWlbMhkBgzT7Ykc5YXUT46F0iKu8SGXq0bcwP5dz/h0Plj6enJqjz1Zbq2l5WaqYnrVbwWOWMyF3F47g==",
      "dev": true,
      "engines": {
        "node": ">=0.10.0"
      }
    },
    "node_modules/source-map-support": {
      "version": "0.5.21",
      "resolved": "https://registry.npmjs.org/source-map-support/-/source-map-support-0.5.21.tgz",
      "integrity": "sha512-uBHU3L3czsIyYXKX88fdrGovxdSCoTGDRZ6SYXtSRxLZUzHg5P/66Ht6uoUlHu9EZod+inXhKo3qQgwXUT/y1w==",
      "dev": true,
      "dependencies": {
        "buffer-from": "^1.0.0",
        "source-map": "^0.6.0"
      }
    },
    "node_modules/tslib": {
      "version": "2.5.0",
      "resolved": "https://registry.npmjs.org/tslib/-/tslib-2.5.0.tgz",
      "integrity": "sha512-336iVw3rtn2BUK7ORdIAHTyxHGRIHVReokCR3XjbckJMK7ms8FysBfhLR8IXnAgy7T0PTPNBWKiH514FOW/WSg==",
      "dev": true
    },
    "node_modules/typescript": {
      "version": "5.3.2",
      "resolved": "https://registry.npmjs.org/typescript/-/typescript-5.3.2.tgz",
      "integrity": "sha512-6l+RyNy7oAHDfxC4FzSJcz9vnjTKxrLpDG5M2Vu4SHRVNg6xzqZp6LYSR9zjqQTu8DU/f5xwxUdADOkbrIX2gQ==",
      "dev": true,
      "bin": {
        "tsc": "bin/tsc",
        "tsserver": "bin/tsserver"
      },
      "engines": {
        "node": ">=14.17"
      }
    },
    "node_modules/yaml": {
      "version": "2.3.1",
      "resolved": "https://registry.npmjs.org/yaml/-/yaml-2.3.1.tgz",
      "integrity": "sha512-2eHWfjaoXgTBC2jNM1LRef62VQa0umtvRiDSk6HSzW7RvS5YtkabJrwYLLEKWBc8a5U2PTSCs+dJjUTJdlHsWQ==",
      "engines": {
        "node": ">= 14"
      }
    }
  },
  "dependencies": {
    "@swc-node/core": {
      "version": "1.10.5",
      "resolved": "https://registry.npmjs.org/@swc-node/core/-/core-1.10.5.tgz",
      "integrity": "sha512-G+Me0sTApMy6WY9mT0TluFxdO633P1GWMllbT3LWeJlknqQxJo8dAQcV0Uc0+rvBVXt7rRo/BMUZNJp88qarzg==",
      "dev": true,
      "requires": {}
    },
    "@swc-node/register": {
      "version": "1.6.7",
      "resolved": "https://registry.npmjs.org/@swc-node/register/-/register-1.6.7.tgz",
      "integrity": "sha512-+Tccbb4+fN8vYx88fdEGFbsCSnF0zBxbVhZkYkFAbVI7h6zVIgA3Jmlok4ZM+q+1KxzPN7AOfhQVuFOYBzZBeA==",
      "dev": true,
      "requires": {
        "@swc-node/core": "^1.10.5",
        "@swc-node/sourcemap-support": "^0.3.0",
        "colorette": "^2.0.19",
        "debug": "^4.3.4",
        "pirates": "^4.0.5",
        "tslib": "^2.5.0"
      }
    },
    "@swc-node/sourcemap-support": {
      "version": "0.3.0",
      "resolved": "https://registry.npmjs.org/@swc-node/sourcemap-support/-/sourcemap-support-0.3.0.tgz",
      "integrity": "sha512-gqBJSmJMWomZFxlppaKea7NeAqFrDrrS0RMt24No92M3nJWcyI9YKGEQKl+EyJqZ5gh6w1s0cTklMHMzRwA1NA==",
      "dev": true,
      "requires": {
        "source-map-support": "^0.5.21",
        "tslib": "^2.5.0"
      }
    },
    "@swc/core": {
      "version": "1.3.78",
      "resolved": "https://registry.npmjs.org/@swc/core/-/core-1.3.78.tgz",
      "integrity": "sha512-y6DQP571v7fbUUY7nz5G4lNIRGofuO48K5pGhD9VnuOCTuptfooCdi8wnigIrIhM/M4zQ53m/YCMDCbOtDgEww==",
      "dev": true,
      "peer": true,
      "requires": {
        "@swc/core-darwin-arm64": "1.3.78",
        "@swc/core-darwin-x64": "1.3.78",
        "@swc/core-linux-arm-gnueabihf": "1.3.78",
        "@swc/core-linux-arm64-gnu": "1.3.78",
        "@swc/core-linux-arm64-musl": "1.3.78",
        "@swc/core-linux-x64-gnu": "1.3.78",
        "@swc/core-linux-x64-musl": "1.3.78",
        "@swc/core-win32-arm64-msvc": "1.3.78",
        "@swc/core-win32-ia32-msvc": "1.3.78",
        "@swc/core-win32-x64-msvc": "1.3.78"
      }
    },
    "@swc/core-darwin-arm64": {
      "version": "1.3.78",
      "resolved": "https://registry.npmjs.org/@swc/core-darwin-arm64/-/core-darwin-arm64-1.3.78.tgz",
      "integrity": "sha512-596KRua/d5Gx1buHKKchSyHuwoIL4S1BRD/wCvYNLNZ3xOzcuBBmXOjrDVigKi1ztNDeS07p30RO5UyYur0XAA==",
      "dev": true,
      "optional": true,
      "peer": true
    },
    "@swc/core-darwin-x64": {
      "version": "1.3.78",
      "resolved": "https://registry.npmjs.org/@swc/core-darwin-x64/-/core-darwin-x64-1.3.78.tgz",
      "integrity": "sha512-w0RsD1onQAj0vuLAoOVi48HgnW6D6oBEIZP17l0HYejCDBZ+FRZLjml7wgNAWMqHcd2qNRqgtZ+v7aLza2JtBQ==",
      "dev": true,
      "optional": true,
      "peer": true
    },
    "@swc/core-linux-arm-gnueabihf": {
      "version": "1.3.78",
      "resolved": "https://registry.npmjs.org/@swc/core-linux-arm-gnueabihf/-/core-linux-arm-gnueabihf-1.3.78.tgz",
      "integrity": "sha512-v1CpRn+H6fha1WIqmdRvJM40pFdjUHrGfhf4Ygci72nlAU41l5XimN8Iwkm8FgIwf2wnv0lLzedSM4IHvpq/yA==",
      "dev": true,
      "optional": true,
      "peer": true
    },
    "@swc/core-linux-arm64-gnu": {
      "version": "1.3.78",
      "resolved": "https://registry.npmjs.org/@swc/core-linux-arm64-gnu/-/core-linux-arm64-gnu-1.3.78.tgz",
      "integrity": "sha512-Sis17dz9joJRFVvR/gteOZSUNrrrioo81RQzani0Zr5ZZOfWLMTB9DA+0MVlfnVa2taYcsJHJZFoAv9JkLwbzg==",
      "dev": true,
      "optional": true,
      "peer": true
    },
    "@swc/core-linux-arm64-musl": {
      "version": "1.3.78",
      "resolved": "https://registry.npmjs.org/@swc/core-linux-arm64-musl/-/core-linux-arm64-musl-1.3.78.tgz",
      "integrity": "sha512-E5F8/qp+QupnfBnsP4vN1PKyCmAHYHDG1GMyPE/zLFOUYLgw+jK4C9rfyLBR0o2bWo1ay2WCIjusBZD9XHGOSA==",
      "dev": true,
      "optional": true,
      "peer": true
    },
    "@swc/core-linux-x64-gnu": {
      "version": "1.3.78",
      "resolved": "https://registry.npmjs.org/@swc/core-linux-x64-gnu/-/core-linux-x64-gnu-1.3.78.tgz",
      "integrity": "sha512-iDxa+RknnTQlyy+WfPor1FM6y44ERNI2E0xiUV6gV6uPwegCngi8LFC+E7IvP6+p+yXtAkesunAaiZ8nn0s+rw==",
      "dev": true,
      "optional": true,
      "peer": true
    },
    "@swc/core-linux-x64-musl": {
      "version": "1.3.78",
      "resolved": "https://registry.npmjs.org/@swc/core-linux-x64-musl/-/core-linux-x64-musl-1.3.78.tgz",
      "integrity": "sha512-dWtIYUFL5sMTE2UKshkXTusHcK8+zAhhGzvqWq1wJS45pqTlrAbzpyqB780fle880x3A6DMitWmsAFARdNzpuQ==",
      "dev": true,
      "optional": true,
      "peer": true
    },
    "@swc/core-win32-arm64-msvc": {
      "version": "1.3.78",
      "resolved": "https://registry.npmjs.org/@swc/core-win32-arm64-msvc/-/core-win32-arm64-msvc-1.3.78.tgz",
      "integrity": "sha512-CXFaGEc2M9Su3UoUMC8AnzKb9g+GwPxXfakLWZsjwS448h6jcreExq3nwtBNdVGzQ26xqeVLMFfb1l/oK99Hwg==",
      "dev": true,
      "optional": true,
      "peer": true
    },
    "@swc/core-win32-ia32-msvc": {
      "version": "1.3.78",
      "resolved": "https://registry.npmjs.org/@swc/core-win32-ia32-msvc/-/core-win32-ia32-msvc-1.3.78.tgz",
      "integrity": "sha512-FaH1jwWnJpWkdImpMoiZpMg9oy9UUyZwltzN7hFwjR48e3Li82cRFb+9PifIBHCUSBM+CrrsJXbHP213IMVAyw==",
      "dev": true,
      "optional": true,
      "peer": true
    },
    "@swc/core-win32-x64-msvc": {
      "version": "1.3.78",
      "resolved": "https://registry.npmjs.org/@swc/core-win32-x64-msvc/-/core-win32-x64-msvc-1.3.78.tgz",
      "integrity": "sha512-oYxa+tPdhlx1aH14AIoF6kvVjo49tEOW0drNqoEaVHufvgH0y43QU2Jum3b2+xXztmMRtzK2CSN3GPOAXDKKKg==",
      "dev": true,
      "optional": true,
      "peer": true
    },
    "@tsconfig/node18": {
      "version": "18.2.0",
      "resolved": "https://registry.npmjs.org/@tsconfig/node18/-/node18-18.2.0.tgz",
      "integrity": "sha512-yhxwIlFVSVcMym3O31HoMnRXpoenmpIxcj4Yoes2DUpe+xCJnA7ECQP1Vw889V0jTt/2nzvpLQ/UuMYCd3JPIg==",
      "dev": true
    },
    "@types/node": {
      "version": "18.17.6",
      "resolved": "https://registry.npmjs.org/@types/node/-/node-18.17.6.tgz",
      "integrity": "sha512-fGmT/P7z7ecA6bv/ia5DlaWCH4YeZvAQMNpUhrJjtAhOhZfoxS1VLUgU2pdk63efSjQaOJWdXMuAJsws+8I6dg==",
      "dev": true
    },
    "buffer-from": {
      "version": "1.1.2",
      "resolved": "https://registry.npmjs.org/buffer-from/-/buffer-from-1.1.2.tgz",
      "integrity": "sha512-E+XQCRwSbaaiChtv6k6Dwgc+bx+Bs6vuKJHHl5kox/BaKbhiXzqQOwK4cO22yElGp2OCmjwVhT3HmxgyPGnJfQ==",
      "dev": true
    },
    "colorette": {
      "version": "2.0.20",
      "resolved": "https://registry.npmjs.org/colorette/-/colorette-2.0.20.tgz",
      "integrity": "sha512-IfEDxwoWIjkeXL1eXcDiow4UbKjhLdq6/EuSVR9GMN7KVH3r9gQ83e73hsz1Nd1T3ijd5xv1wcWRYO+D6kCI2w==",
      "dev": true
    },
    "debug": {
      "version": "4.3.4",
      "resolved": "https://registry.npmjs.org/debug/-/debug-4.3.4.tgz",
      "integrity": "sha512-PRWFHuSU3eDtQJPvnNY7Jcket1j0t5OuOsFzPPzsekD52Zl8qUfFIPEiswXqIvHWGVHOgX+7G/vCNNhehwxfkQ==",
      "dev": true,
      "requires": {
        "ms": "2.1.2"
      }
    },
    "ms": {
      "version": "2.1.2",
      "resolved": "https://registry.npmjs.org/ms/-/ms-2.1.2.tgz",
      "integrity": "sha512-sGkPx+VjMtmA6MX27oA4FBFELFCZZ4S4XqeGOXCv68tT+jb3vk/RyaKWP0PTKyWtmLSM0b+adUTEvbs1PEaH2w==",
      "dev": true
    },
    "pirates": {
      "version": "4.0.5",
      "resolved": "https://registry.npmjs.org/pirates/-/pirates-4.0.5.tgz",
      "integrity": "sha512-8V9+HQPupnaXMA23c5hvl69zXvTwTzyAYasnkb0Tts4XvO4CliqONMOnvlq26rkhLC3nWDFBJf73LU1e1VZLaQ==",
      "dev": true
    },
    "source-map": {
      "version": "0.6.1",
      "resolved": "https://registry.npmjs.org/source-map/-/source-map-0.6.1.tgz",
      "integrity": "sha512-UjgapumWlbMhkBgzT7Ykc5YXUT46F0iKu8SGXq0bcwP5dz/h0Plj6enJqjz1Zbq2l5WaqYnrVbwWOWMyF3F47g==",
      "dev": true
    },
    "source-map-support": {
      "version": "0.5.21",
      "resolved": "https://registry.npmjs.org/source-map-support/-/source-map-support-0.5.21.tgz",
      "integrity": "sha512-uBHU3L3czsIyYXKX88fdrGovxdSCoTGDRZ6SYXtSRxLZUzHg5P/66Ht6uoUlHu9EZod+inXhKo3qQgwXUT/y1w==",
      "dev": true,
      "requires": {
        "buffer-from": "^1.0.0",
        "source-map": "^0.6.0"
      }
    },
    "tslib": {
      "version": "2.5.0",
      "resolved": "https://registry.npmjs.org/tslib/-/tslib-2.5.0.tgz",
      "integrity": "sha512-336iVw3rtn2BUK7ORdIAHTyxHGRIHVReokCR3XjbckJMK7ms8FysBfhLR8IXnAgy7T0PTPNBWKiH514FOW/WSg==",
      "dev": true
    },
    "typescript": {
      "version": "5.3.2",
      "resolved": "https://registry.npmjs.org/typescript/-/typescript-5.3.2.tgz",
      "integrity": "sha512-6l+RyNy7oAHDfxC4FzSJcz9vnjTKxrLpDG5M2Vu4SHRVNg6xzqZp6LYSR9zjqQTu8DU/f5xwxUdADOkbrIX2gQ==",
      "dev": true
    },
    "yaml": {
      "version": "2.3.1",
      "resolved": "https://registry.npmjs.org/yaml/-/yaml-2.3.1.tgz",
      "integrity": "sha512-2eHWfjaoXgTBC2jNM1LRef62VQa0umtvRiDSk6HSzW7RvS5YtkabJrwYLLEKWBc8a5U2PTSCs+dJjUTJdlHsWQ=="
    }
  }
}
